// !$*UTF8*$!
{
	archiveVersion = 1;
	classes = {
	};
	objectVersion = 50;
	objects = {

/* Begin PBXBuildFile section */
		C2BDDCB022CBA3BF002FB5F9 /* UIColorExtensions.swift in Sources */ = {isa = PBXBuildFile; fileRef = C2BDDCAF22CBA3BF002FB5F9 /* UIColorExtensions.swift */; };
		C2BDDCB322CBA7C4002FB5F9 /* Header.swift in Sources */ = {isa = PBXBuildFile; fileRef = C2BDDCB222CBA7C4002FB5F9 /* Header.swift */; };
		C2BDDCB522CBA875002FB5F9 /* WeatherCell.swift in Sources */ = {isa = PBXBuildFile; fileRef = C2BDDCB422CBA875002FB5F9 /* WeatherCell.swift */; };
		C2BDDCC022CBCBE5002FB5F9 /* Utils.swift in Sources */ = {isa = PBXBuildFile; fileRef = C2BDDCBF22CBCBE5002FB5F9 /* Utils.swift */; };
		C2BDDCC322CBD1B7002FB5F9 /* IntExtension.swift in Sources */ = {isa = PBXBuildFile; fileRef = C2BDDCC222CBD1B7002FB5F9 /* IntExtension.swift */; };
		C2BDDCC522CBDD69002FB5F9 /* DateExtension.swift in Sources */ = {isa = PBXBuildFile; fileRef = C2BDDCC422CBDD69002FB5F9 /* DateExtension.swift */; };
		D256C89C22BC52F100AC206A /* AppDelegate.swift in Sources */ = {isa = PBXBuildFile; fileRef = D256C89B22BC52F100AC206A /* AppDelegate.swift */; };
		D256C89E22BC52F100AC206A /* ViewController.swift in Sources */ = {isa = PBXBuildFile; fileRef = D256C89D22BC52F100AC206A /* ViewController.swift */; };
		D256C8A122BC52F100AC206A /* Main.storyboard in Resources */ = {isa = PBXBuildFile; fileRef = D256C89F22BC52F100AC206A /* Main.storyboard */; };
		D256C8A322BC52F300AC206A /* Assets.xcassets in Resources */ = {isa = PBXBuildFile; fileRef = D256C8A222BC52F300AC206A /* Assets.xcassets */; };
		D256C8A622BC52F300AC206A /* LaunchScreen.storyboard in Resources */ = {isa = PBXBuildFile; fileRef = D256C8A422BC52F300AC206A /* LaunchScreen.storyboard */; };
		D256C8AF22BC533C00AC206A /* core.framework in Frameworks */ = {isa = PBXBuildFile; fileRef = D256C8AD22BC532A00AC206A /* core.framework */; };
		D256C8B022BC533C00AC206A /* core.framework in Embed Frameworks */ = {isa = PBXBuildFile; fileRef = D256C8AD22BC532A00AC206A /* core.framework */; settings = {ATTRIBUTES = (CodeSignOnCopy, RemoveHeadersOnCopy, ); }; };
/* End PBXBuildFile section */

/* Begin PBXCopyFilesBuildPhase section */
		D256C8B122BC533C00AC206A /* Embed Frameworks */ = {
			isa = PBXCopyFilesBuildPhase;
			buildActionMask = 2147483647;
			dstPath = "";
			dstSubfolderSpec = 10;
			files = (
				D256C8B022BC533C00AC206A /* core.framework in Embed Frameworks */,
			);
			name = "Embed Frameworks";
			runOnlyForDeploymentPostprocessing = 0;
		};
/* End PBXCopyFilesBuildPhase section */

/* Begin PBXFileReference section */
		C2BDDCAF22CBA3BF002FB5F9 /* UIColorExtensions.swift */ = {isa = PBXFileReference; lastKnownFileType = sourcecode.swift; path = UIColorExtensions.swift; sourceTree = "<group>"; };
		C2BDDCB222CBA7C4002FB5F9 /* Header.swift */ = {isa = PBXFileReference; lastKnownFileType = sourcecode.swift; path = Header.swift; sourceTree = "<group>"; };
		C2BDDCB422CBA875002FB5F9 /* WeatherCell.swift */ = {isa = PBXFileReference; lastKnownFileType = sourcecode.swift; path = WeatherCell.swift; sourceTree = "<group>"; };
		C2BDDCBF22CBCBE5002FB5F9 /* Utils.swift */ = {isa = PBXFileReference; lastKnownFileType = sourcecode.swift; path = Utils.swift; sourceTree = "<group>"; };
		C2BDDCC222CBD1B7002FB5F9 /* IntExtension.swift */ = {isa = PBXFileReference; lastKnownFileType = sourcecode.swift; path = IntExtension.swift; sourceTree = "<group>"; };
		C2BDDCC422CBDD69002FB5F9 /* DateExtension.swift */ = {isa = PBXFileReference; lastKnownFileType = sourcecode.swift; path = DateExtension.swift; sourceTree = "<group>"; };
		D256C89822BC52F100AC206A /* IOSWeather.app */ = {isa = PBXFileReference; explicitFileType = wrapper.application; includeInIndex = 0; path = IOSWeather.app; sourceTree = BUILT_PRODUCTS_DIR; };
		D256C89B22BC52F100AC206A /* AppDelegate.swift */ = {isa = PBXFileReference; lastKnownFileType = sourcecode.swift; path = AppDelegate.swift; sourceTree = "<group>"; };
		D256C89D22BC52F100AC206A /* ViewController.swift */ = {isa = PBXFileReference; lastKnownFileType = sourcecode.swift; path = ViewController.swift; sourceTree = "<group>"; };
		D256C8A022BC52F100AC206A /* Base */ = {isa = PBXFileReference; lastKnownFileType = file.storyboard; name = Base; path = Base.lproj/Main.storyboard; sourceTree = "<group>"; };
		D256C8A222BC52F300AC206A /* Assets.xcassets */ = {isa = PBXFileReference; lastKnownFileType = folder.assetcatalog; path = Assets.xcassets; sourceTree = "<group>"; };
		D256C8A522BC52F300AC206A /* Base */ = {isa = PBXFileReference; lastKnownFileType = file.storyboard; name = Base; path = Base.lproj/LaunchScreen.storyboard; sourceTree = "<group>"; };
		D256C8A722BC52F300AC206A /* Info.plist */ = {isa = PBXFileReference; lastKnownFileType = text.plist.xml; path = Info.plist; sourceTree = "<group>"; };
		D256C8AD22BC532A00AC206A /* core.framework */ = {isa = PBXFileReference; lastKnownFileType = wrapper.framework; path = core.framework; sourceTree = "<group>"; };
/* End PBXFileReference section */

/* Begin PBXFrameworksBuildPhase section */
		D256C89522BC52F100AC206A /* Frameworks */ = {
			isa = PBXFrameworksBuildPhase;
			buildActionMask = 2147483647;
			files = (
				D256C8AF22BC533C00AC206A /* core.framework in Frameworks */,
			);
			runOnlyForDeploymentPostprocessing = 0;
		};
/* End PBXFrameworksBuildPhase section */

/* Begin PBXGroup section */
		C2BDDCB122CBA7B6002FB5F9 /* SubViews */ = {
			isa = PBXGroup;
			children = (
				C2BDDCB222CBA7C4002FB5F9 /* Header.swift */,
				C2BDDCB422CBA875002FB5F9 /* WeatherCell.swift */,
			);
			path = SubViews;
			sourceTree = "<group>";
		};
		C2BDDCC122CBCE93002FB5F9 /* Global */ = {
			isa = PBXGroup;
			children = (
				C2BDDCAF22CBA3BF002FB5F9 /* UIColorExtensions.swift */,
				C2BDDCBF22CBCBE5002FB5F9 /* Utils.swift */,
				C2BDDCC222CBD1B7002FB5F9 /* IntExtension.swift */,
				C2BDDCC422CBDD69002FB5F9 /* DateExtension.swift */,
			);
			path = Global;
			sourceTree = "<group>";
		};
		D256C88F22BC52F100AC206A = {
			isa = PBXGroup;
			children = (
				D256C8AD22BC532A00AC206A /* core.framework */,
				D256C89A22BC52F100AC206A /* IOSWeather */,
				D256C89922BC52F100AC206A /* Products */,
			);
			sourceTree = "<group>";
		};
		D256C89922BC52F100AC206A /* Products */ = {
			isa = PBXGroup;
			children = (
				D256C89822BC52F100AC206A /* IOSWeather.app */,
			);
			name = Products;
			sourceTree = "<group>";
		};
		D256C89A22BC52F100AC206A /* IOSWeather */ = {
			isa = PBXGroup;
			children = (
				C2BDDCC122CBCE93002FB5F9 /* Global */,
				C2BDDCB122CBA7B6002FB5F9 /* SubViews */,
				D256C89B22BC52F100AC206A /* AppDelegate.swift */,
				D256C89D22BC52F100AC206A /* ViewController.swift */,
				D256C89F22BC52F100AC206A /* Main.storyboard */,
				D256C8A222BC52F300AC206A /* Assets.xcassets */,
				D256C8A422BC52F300AC206A /* LaunchScreen.storyboard */,
				D256C8A722BC52F300AC206A /* Info.plist */,
			);
			path = IOSWeather;
			sourceTree = "<group>";
		};
/* End PBXGroup section */

/* Begin PBXNativeTarget section */
		D256C89722BC52F100AC206A /* IOSWeather */ = {
			isa = PBXNativeTarget;
			buildConfigurationList = D256C8AA22BC52F300AC206A /* Build configuration list for PBXNativeTarget "IOSWeather" */;
			buildPhases = (
				D256C89422BC52F100AC206A /* Sources */,
				D256C89522BC52F100AC206A /* Frameworks */,
				D256C89622BC52F100AC206A /* Resources */,
				D256C8B122BC533C00AC206A /* Embed Frameworks */,
			);
			buildRules = (
			);
			dependencies = (
			);
			name = IOSWeather;
			productName = IOSWeather;
			productReference = D256C89822BC52F100AC206A /* IOSWeather.app */;
			productType = "com.apple.product-type.application";
		};
/* End PBXNativeTarget section */

/* Begin PBXProject section */
		D256C89022BC52F100AC206A /* Project object */ = {
			isa = PBXProject;
			attributes = {
				LastSwiftUpdateCheck = 1020;
				LastUpgradeCheck = 1020;
				ORGANIZATIONNAME = "Yury Camacho";
				TargetAttributes = {
					D256C89722BC52F100AC206A = {
						CreatedOnToolsVersion = 10.2.1;
					};
				};
			};
			buildConfigurationList = D256C89322BC52F100AC206A /* Build configuration list for PBXProject "IOSWeather" */;
			compatibilityVersion = "Xcode 9.3";
			developmentRegion = en;
			hasScannedForEncodings = 0;
			knownRegions = (
				en,
				Base,
			);
			mainGroup = D256C88F22BC52F100AC206A;
			productRefGroup = D256C89922BC52F100AC206A /* Products */;
			projectDirPath = "";
			projectRoot = "";
			targets = (
				D256C89722BC52F100AC206A /* IOSWeather */,
			);
		};
/* End PBXProject section */

/* Begin PBXResourcesBuildPhase section */
		D256C89622BC52F100AC206A /* Resources */ = {
			isa = PBXResourcesBuildPhase;
			buildActionMask = 2147483647;
			files = (
				D256C8A622BC52F300AC206A /* LaunchScreen.storyboard in Resources */,
				D256C8A322BC52F300AC206A /* Assets.xcassets in Resources */,
				D256C8A122BC52F100AC206A /* Main.storyboard in Resources */,
			);
			runOnlyForDeploymentPostprocessing = 0;
		};
/* End PBXResourcesBuildPhase section */

/* Begin PBXSourcesBuildPhase section */
		D256C89422BC52F100AC206A /* Sources */ = {
			isa = PBXSourcesBuildPhase;
			buildActionMask = 2147483647;
			files = (
				C2BDDCB322CBA7C4002FB5F9 /* Header.swift in Sources */,
				C2BDDCC522CBDD69002FB5F9 /* DateExtension.swift in Sources */,
				C2BDDCB022CBA3BF002FB5F9 /* UIColorExtensions.swift in Sources */,
				C2BDDCC322CBD1B7002FB5F9 /* IntExtension.swift in Sources */,
				C2BDDCB522CBA875002FB5F9 /* WeatherCell.swift in Sources */,
				D256C89E22BC52F100AC206A /* ViewController.swift in Sources */,
				D256C89C22BC52F100AC206A /* AppDelegate.swift in Sources */,
				C2BDDCC022CBCBE5002FB5F9 /* Utils.swift in Sources */,
			);
			runOnlyForDeploymentPostprocessing = 0;
		};
/* End PBXSourcesBuildPhase section */

/* Begin PBXVariantGroup section */
		D256C89F22BC52F100AC206A /* Main.storyboard */ = {
			isa = PBXVariantGroup;
			children = (
				D256C8A022BC52F100AC206A /* Base */,
			);
			name = Main.storyboard;
			sourceTree = "<group>";
		};
		D256C8A422BC52F300AC206A /* LaunchScreen.storyboard */ = {
			isa = PBXVariantGroup;
			children = (
				D256C8A522BC52F300AC206A /* Base */,
			);
			name = LaunchScreen.storyboard;
			sourceTree = "<group>";
		};
/* End PBXVariantGroup section */

/* Begin XCBuildConfiguration section */
		D256C8A822BC52F300AC206A /* Debug */ = {
			isa = XCBuildConfiguration;
			buildSettings = {
				ALWAYS_SEARCH_USER_PATHS = NO;
				CLANG_ANALYZER_NONNULL = YES;
				CLANG_ANALYZER_NUMBER_OBJECT_CONVERSION = YES_AGGRESSIVE;
				CLANG_CXX_LANGUAGE_STANDARD = "gnu++14";
				CLANG_CXX_LIBRARY = "libc++";
				CLANG_ENABLE_MODULES = YES;
				CLANG_ENABLE_OBJC_ARC = YES;
				CLANG_ENABLE_OBJC_WEAK = YES;
				CLANG_WARN_BLOCK_CAPTURE_AUTORELEASING = YES;
				CLANG_WARN_BOOL_CONVERSION = YES;
				CLANG_WARN_COMMA = YES;
				CLANG_WARN_CONSTANT_CONVERSION = YES;
				CLANG_WARN_DEPRECATED_OBJC_IMPLEMENTATIONS = YES;
				CLANG_WARN_DIRECT_OBJC_ISA_USAGE = YES_ERROR;
				CLANG_WARN_DOCUMENTATION_COMMENTS = YES;
				CLANG_WARN_EMPTY_BODY = YES;
				CLANG_WARN_ENUM_CONVERSION = YES;
				CLANG_WARN_INFINITE_RECURSION = YES;
				CLANG_WARN_INT_CONVERSION = YES;
				CLANG_WARN_NON_LITERAL_NULL_CONVERSION = YES;
				CLANG_WARN_OBJC_IMPLICIT_RETAIN_SELF = YES;
				CLANG_WARN_OBJC_LITERAL_CONVERSION = YES;
				CLANG_WARN_OBJC_ROOT_CLASS = YES_ERROR;
				CLANG_WARN_RANGE_LOOP_ANALYSIS = YES;
				CLANG_WARN_STRICT_PROTOTYPES = YES;
				CLANG_WARN_SUSPICIOUS_MOVE = YES;
				CLANG_WARN_UNGUARDED_AVAILABILITY = YES_AGGRESSIVE;
				CLANG_WARN_UNREACHABLE_CODE = YES;
				CLANG_WARN__DUPLICATE_METHOD_MATCH = YES;
				CODE_SIGN_IDENTITY = "iPhone Developer";
				COPY_PHASE_STRIP = NO;
				DEBUG_INFORMATION_FORMAT = dwarf;
				ENABLE_STRICT_OBJC_MSGSEND = YES;
				ENABLE_TESTABILITY = YES;
				GCC_C_LANGUAGE_STANDARD = gnu11;
				GCC_DYNAMIC_NO_PIC = NO;
				GCC_NO_COMMON_BLOCKS = YES;
				GCC_OPTIMIZATION_LEVEL = 0;
				GCC_PREPROCESSOR_DEFINITIONS = (
					"DEBUG=1",
					"$(inherited)",
				);
				GCC_WARN_64_TO_32_BIT_CONVERSION = YES;
				GCC_WARN_ABOUT_RETURN_TYPE = YES_ERROR;
				GCC_WARN_UNDECLARED_SELECTOR = YES;
				GCC_WARN_UNINITIALIZED_AUTOS = YES_AGGRESSIVE;
				GCC_WARN_UNUSED_FUNCTION = YES;
				GCC_WARN_UNUSED_VARIABLE = YES;
				IPHONEOS_DEPLOYMENT_TARGET = 12.2;
				MTL_ENABLE_DEBUG_INFO = INCLUDE_SOURCE;
				MTL_FAST_MATH = YES;
				ONLY_ACTIVE_ARCH = YES;
				SDKROOT = iphoneos;
				SWIFT_ACTIVE_COMPILATION_CONDITIONS = DEBUG;
				SWIFT_OPTIMIZATION_LEVEL = "-Onone";
			};
			name = Debug;
		};
		D256C8A922BC52F300AC206A /* Release */ = {
			isa = XCBuildConfiguration;
			buildSettings = {
				ALWAYS_SEARCH_USER_PATHS = NO;
				CLANG_ANALYZER_NONNULL = YES;
				CLANG_ANALYZER_NUMBER_OBJECT_CONVERSION = YES_AGGRESSIVE;
				CLANG_CXX_LANGUAGE_STANDARD = "gnu++14";
				CLANG_CXX_LIBRARY = "libc++";
				CLANG_ENABLE_MODULES = YES;
				CLANG_ENABLE_OBJC_ARC = YES;
				CLANG_ENABLE_OBJC_WEAK = YES;
				CLANG_WARN_BLOCK_CAPTURE_AUTORELEASING = YES;
				CLANG_WARN_BOOL_CONVERSION = YES;
				CLANG_WARN_COMMA = YES;
				CLANG_WARN_CONSTANT_CONVERSION = YES;
				CLANG_WARN_DEPRECATED_OBJC_IMPLEMENTATIONS = YES;
				CLANG_WARN_DIRECT_OBJC_ISA_USAGE = YES_ERROR;
				CLANG_WARN_DOCUMENTATION_COMMENTS = YES;
				CLANG_WARN_EMPTY_BODY = YES;
				CLANG_WARN_ENUM_CONVERSION = YES;
				CLANG_WARN_INFINITE_RECURSION = YES;
				CLANG_WARN_INT_CONVERSION = YES;
				CLANG_WARN_NON_LITERAL_NULL_CONVERSION = YES;
				CLANG_WARN_OBJC_IMPLICIT_RETAIN_SELF = YES;
				CLANG_WARN_OBJC_LITERAL_CONVERSION = YES;
				CLANG_WARN_OBJC_ROOT_CLASS = YES_ERROR;
				CLANG_WARN_RANGE_LOOP_ANALYSIS = YES;
				CLANG_WARN_STRICT_PROTOTYPES = YES;
				CLANG_WARN_SUSPICIOUS_MOVE = YES;
				CLANG_WARN_UNGUARDED_AVAILABILITY = YES_AGGRESSIVE;
				CLANG_WARN_UNREACHABLE_CODE = YES;
				CLANG_WARN__DUPLICATE_METHOD_MATCH = YES;
				CODE_SIGN_IDENTITY = "iPhone Developer";
				COPY_PHASE_STRIP = NO;
				DEBUG_INFORMATION_FORMAT = "dwarf-with-dsym";
				ENABLE_NS_ASSERTIONS = NO;
				ENABLE_STRICT_OBJC_MSGSEND = YES;
				GCC_C_LANGUAGE_STANDARD = gnu11;
				GCC_NO_COMMON_BLOCKS = YES;
				GCC_WARN_64_TO_32_BIT_CONVERSION = YES;
				GCC_WARN_ABOUT_RETURN_TYPE = YES_ERROR;
				GCC_WARN_UNDECLARED_SELECTOR = YES;
				GCC_WARN_UNINITIALIZED_AUTOS = YES_AGGRESSIVE;
				GCC_WARN_UNUSED_FUNCTION = YES;
				GCC_WARN_UNUSED_VARIABLE = YES;
				IPHONEOS_DEPLOYMENT_TARGET = 12.2;
				MTL_ENABLE_DEBUG_INFO = NO;
				MTL_FAST_MATH = YES;
				SDKROOT = iphoneos;
				SWIFT_COMPILATION_MODE = wholemodule;
				SWIFT_OPTIMIZATION_LEVEL = "-O";
				VALIDATE_PRODUCT = YES;
			};
			name = Release;
		};
		D256C8AB22BC52F300AC206A /* Debug */ = {
			isa = XCBuildConfiguration;
			buildSettings = {
				ASSETCATALOG_COMPILER_APPICON_NAME = AppIcon;
				CODE_SIGN_STYLE = Manual;
				DEVELOPMENT_TEAM = "";
				FRAMEWORK_SEARCH_PATHS = (
					"$(inherited)",
					"$(PROJECT_DIR)",
				);
				INFOPLIST_FILE = IOSWeather/Info.plist;
				IPHONEOS_DEPLOYMENT_TARGET = 12.0;
				LD_RUNPATH_SEARCH_PATHS = (
					"$(inherited)",
					"@executable_path/Frameworks",
				);
				PRODUCT_BUNDLE_IDENTIFIER = org.camachoyury.iosweather.IOSWeather;
				PRODUCT_NAME = "$(TARGET_NAME)";
				PROVISIONING_PROFILE_SPECIFIER = "";
				SWIFT_VERSION = 5.0;
				TARGETED_DEVICE_FAMILY = 1;
			};
			name = Debug;
		};
		D256C8AC22BC52F300AC206A /* Release */ = {
			isa = XCBuildConfiguration;
			buildSettings = {
				ASSETCATALOG_COMPILER_APPICON_NAME = AppIcon;
				CODE_SIGN_STYLE = Manual;
				DEVELOPMENT_TEAM = "";
				FRAMEWORK_SEARCH_PATHS = (
					"$(inherited)",
					"$(PROJECT_DIR)",
				);
				INFOPLIST_FILE = IOSWeather/Info.plist;
				IPHONEOS_DEPLOYMENT_TARGET = 12.0;
				LD_RUNPATH_SEARCH_PATHS = (
					"$(inherited)",
					"@executable_path/Frameworks",
				);
				PRODUCT_BUNDLE_IDENTIFIER = org.camachoyury.iosweather.IOSWeather;
				PRODUCT_NAME = "$(TARGET_NAME)";
				PROVISIONING_PROFILE_SPECIFIER = "";
				SWIFT_VERSION = 5.0;
				TARGETED_DEVICE_FAMILY = 1;
			};
			name = Release;
		};
/* End XCBuildConfiguration section */

/* Begin XCConfigurationList section */
		D256C89322BC52F100AC206A /* Build configuration list for PBXProject "IOSWeather" */ = {
			isa = XCConfigurationList;
			buildConfigurations = (
				D256C8A822BC52F300AC206A /* Debug */,
				D256C8A922BC52F300AC206A /* Release */,
			);
			defaultConfigurationIsVisible = 0;
			defaultConfigurationName = Release;
		};
		D256C8AA22BC52F300AC206A /* Build configuration list for PBXNativeTarget "IOSWeather" */ = {
			isa = XCConfigurationList;
			buildConfigurations = (
				D256C8AB22BC52F300AC206A /* Debug */,
				D256C8AC22BC52F300AC206A /* Release */,
			);
			defaultConfigurationIsVisible = 0;
			defaultConfigurationName = Release;
		};
/* End XCConfigurationList section */
	};
	rootObject = D256C89022BC52F100AC206A /* Project object */;
}
